
Microsoft Visual Studio Solution File, Format Version 12.00
# Visual Studio Version 16
VisualStudioVersion = 16.0.32510.428
MinimumVisualStudioVersion = 10.0.40219.1
Project("{888888A0-9F3D-457C-B088-3A5042F75D52}") = "web browser", "web browser\web browser.pyproj", "{C00905A2-BB4D-4740-966E-C2BBEA4449E3}"
EndProject
Global
	GlobalSection(SolutionConfigurationPlatforms) = preSolution
		Debug|Any CPU = Debug|Any CPU
		Release|Any CPU = Release|Any CPU
	EndGlobalSection
	GlobalSection(ProjectConfigurationPlatforms) = postSolution
		{C00905A2-BB4D-4740-966E-C2BBEA4449E3}.Debug|Any CPU.ActiveCfg = Debug|Any CPU
		{C00905A2-BB4D-4740-966E-C2BBEA4449E3}.Release|Any CPU.ActiveCfg = Release|Any CPU
	EndGlobalSection
	GlobalSection(SolutionProperties) = preSolution
		HideSolutionNode = FALSE
	EndGlobalSection
	GlobalSection(ExtensibilityGlobals) = postSolution
		SolutionGuid = {ACBB8666-398E-4F61-90A3-62B3F3B6CFF4}
	EndGlobalSection
EndGlobal
